// !$*UTF8*$!
{
	archiveVersion = 1;
	classes = {
	};
	objectVersion = 56;
	objects = {

/* Begin PBXBuildFile section */
		ED1D29F329DFE96C00E76C5F /* AppDelegate.swift in Sources */ = {isa = PBXBuildFile; fileRef = ED1D29F229DFE96C00E76C5F /* AppDelegate.swift */; };
		ED1D29F529DFE96C00E76C5F /* SceneDelegate.swift in Sources */ = {isa = PBXBuildFile; fileRef = ED1D29F429DFE96C00E76C5F /* SceneDelegate.swift */; };
		ED1D29F729DFE96C00E76C5F /* ViewController.swift in Sources */ = {isa = PBXBuildFile; fileRef = ED1D29F629DFE96C00E76C5F /* ViewController.swift */; };
		ED1D29FA29DFE96C00E76C5F /* Main.storyboard in Resources */ = {isa = PBXBuildFile; fileRef = ED1D29F829DFE96C00E76C5F /* Main.storyboard */; };
		ED1D29FC29DFE96D00E76C5F /* Assets.xcassets in Resources */ = {isa = PBXBuildFile; fileRef = ED1D29FB29DFE96D00E76C5F /* Assets.xcassets */; };
		ED1D29FF29DFE96D00E76C5F /* LaunchScreen.storyboard in Resources */ = {isa = PBXBuildFile; fileRef = ED1D29FD29DFE96D00E76C5F /* LaunchScreen.storyboard */; };
		ED1D2A0A29DFE96D00E76C5F /* QuotesGeneratorTests.swift in Sources */ = {isa = PBXBuildFile; fileRef = ED1D2A0929DFE96D00E76C5F /* QuotesGeneratorTests.swift */; };
		ED1D2A1429DFE96D00E76C5F /* QuotesGeneratorUITests.swift in Sources */ = {isa = PBXBuildFile; fileRef = ED1D2A1329DFE96D00E76C5F /* QuotesGeneratorUITests.swift */; };
		ED1D2A1629DFE96D00E76C5F /* QuotesGeneratorUITestsLaunchTests.swift in Sources */ = {isa = PBXBuildFile; fileRef = ED1D2A1529DFE96D00E76C5F /* QuotesGeneratorUITestsLaunchTests.swift */; };
		ED1D2A2329DFEDCD00E76C5F /* Quote.swift in Sources */ = {isa = PBXBuildFile; fileRef = ED1D2A2229DFEDCD00E76C5F /* Quote.swift */; };
/* End PBXBuildFile section */

/* Begin PBXContainerItemProxy section */
		ED1D2A0629DFE96D00E76C5F /* PBXContainerItemProxy */ = {
			isa = PBXContainerItemProxy;
			containerPortal = ED1D29E729DFE96C00E76C5F /* Project object */;
			proxyType = 1;
			remoteGlobalIDString = ED1D29EE29DFE96C00E76C5F;
			remoteInfo = QuotesGenerator;
		};
		ED1D2A1029DFE96D00E76C5F /* PBXContainerItemProxy */ = {
			isa = PBXContainerItemProxy;
			containerPortal = ED1D29E729DFE96C00E76C5F /* Project object */;
			proxyType = 1;
			remoteGlobalIDString = ED1D29EE29DFE96C00E76C5F;
			remoteInfo = QuotesGenerator;
		};
/* End PBXContainerItemProxy section */

/* Begin PBXFileReference section */
		ED1D29EF29DFE96C00E76C5F /* QuotesGenerator.app */ = {isa = PBXFileReference; explicitFileType = wrapper.application; includeInIndex = 0; path = QuotesGenerator.app; sourceTree = BUILT_PRODUCTS_DIR; };
		ED1D29F229DFE96C00E76C5F /* AppDelegate.swift */ = {isa = PBXFileReference; lastKnownFileType = sourcecode.swift; path = AppDelegate.swift; sourceTree = "<group>"; };
		ED1D29F429DFE96C00E76C5F /* SceneDelegate.swift */ = {isa = PBXFileReference; lastKnownFileType = sourcecode.swift; path = SceneDelegate.swift; sourceTree = "<group>"; };
		ED1D29F629DFE96C00E76C5F /* ViewController.swift */ = {isa = PBXFileReference; lastKnownFileType = sourcecode.swift; path = ViewController.swift; sourceTree = "<group>"; };
		ED1D29F929DFE96C00E76C5F /* Base */ = {isa = PBXFileReference; lastKnownFileType = file.storyboard; name = Base; path = Base.lproj/Main.storyboard; sourceTree = "<group>"; };
		ED1D29FB29DFE96D00E76C5F /* Assets.xcassets */ = {isa = PBXFileReference; lastKnownFileType = folder.assetcatalog; path = Assets.xcassets; sourceTree = "<group>"; };
		ED1D29FE29DFE96D00E76C5F /* Base */ = {isa = PBXFileReference; lastKnownFileType = file.storyboard; name = Base; path = Base.lproj/LaunchScreen.storyboard; sourceTree = "<group>"; };
		ED1D2A0029DFE96D00E76C5F /* Info.plist */ = {isa = PBXFileReference; lastKnownFileType = text.plist.xml; path = Info.plist; sourceTree = "<group>"; };
		ED1D2A0529DFE96D00E76C5F /* QuotesGeneratorTests.xctest */ = {isa = PBXFileReference; explicitFileType = wrapper.cfbundle; includeInIndex = 0; path = QuotesGeneratorTests.xctest; sourceTree = BUILT_PRODUCTS_DIR; };
		ED1D2A0929DFE96D00E76C5F /* QuotesGeneratorTests.swift */ = {isa = PBXFileReference; lastKnownFileType = sourcecode.swift; path = QuotesGeneratorTests.swift; sourceTree = "<group>"; };
		ED1D2A0F29DFE96D00E76C5F /* QuotesGeneratorUITests.xctest */ = {isa = PBXFileReference; explicitFileType = wrapper.cfbundle; includeInIndex = 0; path = QuotesGeneratorUITests.xctest; sourceTree = BUILT_PRODUCTS_DIR; };
		ED1D2A1329DFE96D00E76C5F /* QuotesGeneratorUITests.swift */ = {isa = PBXFileReference; lastKnownFileType = sourcecode.swift; path = QuotesGeneratorUITests.swift; sourceTree = "<group>"; };
		ED1D2A1529DFE96D00E76C5F /* QuotesGeneratorUITestsLaunchTests.swift */ = {isa = PBXFileReference; lastKnownFileType = sourcecode.swift; path = QuotesGeneratorUITestsLaunchTests.swift; sourceTree = "<group>"; };
		ED1D2A2229DFEDCD00E76C5F /* Quote.swift */ = {isa = PBXFileReference; lastKnownFileType = sourcecode.swift; path = Quote.swift; sourceTree = "<group>"; };
/* End PBXFileReference section */

/* Begin PBXFrameworksBuildPhase section */
		ED1D29EC29DFE96C00E76C5F /* Frameworks */ = {
			isa = PBXFrameworksBuildPhase;
			buildActionMask = 2147483647;
			files = (
			);
			runOnlyForDeploymentPostprocessing = 0;
		};
		ED1D2A0229DFE96D00E76C5F /* Frameworks */ = {
			isa = PBXFrameworksBuildPhase;
			buildActionMask = 2147483647;
			files = (
			);
			runOnlyForDeploymentPostprocessing = 0;
		};
		ED1D2A0C29DFE96D00E76C5F /* Frameworks */ = {
			isa = PBXFrameworksBuildPhase;
			buildActionMask = 2147483647;
			files = (
			);
			runOnlyForDeploymentPostprocessing = 0;
		};
/* End PBXFrameworksBuildPhase section */

/* Begin PBXGroup section */
		ED1D29E629DFE96C00E76C5F = {
			isa = PBXGroup;
			children = (
				ED1D29F129DFE96C00E76C5F /* QuotesGenerator */,
				ED1D2A0829DFE96D00E76C5F /* QuotesGeneratorTests */,
				ED1D2A1229DFE96D00E76C5F /* QuotesGeneratorUITests */,
				ED1D29F029DFE96C00E76C5F /* Products */,
			);
			sourceTree = "<group>";
		};
		ED1D29F029DFE96C00E76C5F /* Products */ = {
			isa = PBXGroup;
			children = (
				ED1D29EF29DFE96C00E76C5F /* QuotesGenerator.app */,
				ED1D2A0529DFE96D00E76C5F /* QuotesGeneratorTests.xctest */,
				ED1D2A0F29DFE96D00E76C5F /* QuotesGeneratorUITests.xctest */,
			);
			name = Products;
			sourceTree = "<group>";
		};
		ED1D29F129DFE96C00E76C5F /* QuotesGenerator */ = {
			isa = PBXGroup;
			children = (
				ED1D29F229DFE96C00E76C5F /* AppDelegate.swift */,
				ED1D29F429DFE96C00E76C5F /* SceneDelegate.swift */,
				ED1D29F629DFE96C00E76C5F /* ViewController.swift */,
				ED1D2A2229DFEDCD00E76C5F /* Quote.swift */,
				ED1D29F829DFE96C00E76C5F /* Main.storyboard */,
				ED1D29FB29DFE96D00E76C5F /* Assets.xcassets */,
				ED1D29FD29DFE96D00E76C5F /* LaunchScreen.storyboard */,
				ED1D2A0029DFE96D00E76C5F /* Info.plist */,
			);
			path = QuotesGenerator;
			sourceTree = "<group>";
		};
		ED1D2A0829DFE96D00E76C5F /* QuotesGeneratorTests */ = {
			isa = PBXGroup;
			children = (
				ED1D2A0929DFE96D00E76C5F /* QuotesGeneratorTests.swift */,
			);
			path = QuotesGeneratorTests;
			sourceTree = "<group>";
		};
		ED1D2A1229DFE96D00E76C5F /* QuotesGeneratorUITests */ = {
			isa = PBXGroup;
			children = (
				ED1D2A1329DFE96D00E76C5F /* QuotesGeneratorUITests.swift */,
				ED1D2A1529DFE96D00E76C5F /* QuotesGeneratorUITestsLaunchTests.swift */,
			);
			path = QuotesGeneratorUITests;
			sourceTree = "<group>";
		};
/* End PBXGroup section */

/* Begin PBXNativeTarget section */
		ED1D29EE29DFE96C00E76C5F /* QuotesGenerator */ = {
			isa = PBXNativeTarget;
			buildConfigurationList = ED1D2A1929DFE96D00E76C5F /* Build configuration list for PBXNativeTarget "QuotesGenerator" */;
			buildPhases = (
				ED1D29EB29DFE96C00E76C5F /* Sources */,
				ED1D29EC29DFE96C00E76C5F /* Frameworks */,
				ED1D29ED29DFE96C00E76C5F /* Resources */,
			);
			buildRules = (
			);
			dependencies = (
			);
			name = QuotesGenerator;
			productName = QuotesGenerator;
			productReference = ED1D29EF29DFE96C00E76C5F /* QuotesGenerator.app */;
			productType = "com.apple.product-type.application";
		};
		ED1D2A0429DFE96D00E76C5F /* QuotesGeneratorTests */ = {
			isa = PBXNativeTarget;
			buildConfigurationList = ED1D2A1C29DFE96D00E76C5F /* Build configuration list for PBXNativeTarget "QuotesGeneratorTests" */;
			buildPhases = (
				ED1D2A0129DFE96D00E76C5F /* Sources */,
				ED1D2A0229DFE96D00E76C5F /* Frameworks */,
				ED1D2A0329DFE96D00E76C5F /* Resources */,
			);
			buildRules = (
			);
			dependencies = (
				ED1D2A0729DFE96D00E76C5F /* PBXTargetDependency */,
			);
			name = QuotesGeneratorTests;
			productName = QuotesGeneratorTests;
			productReference = ED1D2A0529DFE96D00E76C5F /* QuotesGeneratorTests.xctest */;
			productType = "com.apple.product-type.bundle.unit-test";
		};
		ED1D2A0E29DFE96D00E76C5F /* QuotesGeneratorUITests */ = {
			isa = PBXNativeTarget;
			buildConfigurationList = ED1D2A1F29DFE96D00E76C5F /* Build configuration list for PBXNativeTarget "QuotesGeneratorUITests" */;
			buildPhases = (
				ED1D2A0B29DFE96D00E76C5F /* Sources */,
				ED1D2A0C29DFE96D00E76C5F /* Frameworks */,
				ED1D2A0D29DFE96D00E76C5F /* Resources */,
			);
			buildRules = (
			);
			dependencies = (
				ED1D2A1129DFE96D00E76C5F /* PBXTargetDependency */,
			);
			name = QuotesGeneratorUITests;
			productName = QuotesGeneratorUITests;
			productReference = ED1D2A0F29DFE96D00E76C5F /* QuotesGeneratorUITests.xctest */;
			productType = "com.apple.product-type.bundle.ui-testing";
		};
/* End PBXNativeTarget section */

/* Begin PBXProject section */
		ED1D29E729DFE96C00E76C5F /* Project object */ = {
			isa = PBXProject;
			attributes = {
				BuildIndependentTargetsInParallel = 1;
				LastSwiftUpdateCheck = 1430;
				LastUpgradeCheck = 1430;
				TargetAttributes = {
					ED1D29EE29DFE96C00E76C5F = {
						CreatedOnToolsVersion = 14.3;
					};
					ED1D2A0429DFE96D00E76C5F = {
						CreatedOnToolsVersion = 14.3;
						TestTargetID = ED1D29EE29DFE96C00E76C5F;
					};
					ED1D2A0E29DFE96D00E76C5F = {
						CreatedOnToolsVersion = 14.3;
						TestTargetID = ED1D29EE29DFE96C00E76C5F;
					};
				};
			};
			buildConfigurationList = ED1D29EA29DFE96C00E76C5F /* Build configuration list for PBXProject "QuotesGenerator" */;
			compatibilityVersion = "Xcode 14.0";
			developmentRegion = en;
			hasScannedForEncodings = 0;
			knownRegions = (
				en,
				Base,
			);
			mainGroup = ED1D29E629DFE96C00E76C5F;
			productRefGroup = ED1D29F029DFE96C00E76C5F /* Products */;
			projectDirPath = "";
			projectRoot = "";
			targets = (
				ED1D29EE29DFE96C00E76C5F /* QuotesGenerator */,
				ED1D2A0429DFE96D00E76C5F /* QuotesGeneratorTests */,
				ED1D2A0E29DFE96D00E76C5F /* QuotesGeneratorUITests */,
			);
		};
/* End PBXProject section */

/* Begin PBXResourcesBuildPhase section */
		ED1D29ED29DFE96C00E76C5F /* Resources */ = {
			isa = PBXResourcesBuildPhase;
			buildActionMask = 2147483647;
			files = (
				ED1D29FF29DFE96D00E76C5F /* LaunchScreen.storyboard in Resources */,
				ED1D29FC29DFE96D00E76C5F /* Assets.xcassets in Resources */,
				ED1D29FA29DFE96C00E76C5F /* Main.storyboard in Resources */,
			);
			runOnlyForDeploymentPostprocessing = 0;
		};
		ED1D2A0329DFE96D00E76C5F /* Resources */ = {
			isa = PBXResourcesBuildPhase;
			buildActionMask = 2147483647;
			files = (
			);
			runOnlyForDeploymentPostprocessing = 0;
		};
		ED1D2A0D29DFE96D00E76C5F /* Resources */ = {
			isa = PBXResourcesBuildPhase;
			buildActionMask = 2147483647;
			files = (
			);
			runOnlyForDeploymentPostprocessing = 0;
		};
/* End PBXResourcesBuildPhase section */

/* Begin PBXSourcesBuildPhase section */
		ED1D29EB29DFE96C00E76C5F /* Sources */ = {
			isa = PBXSourcesBuildPhase;
			buildActionMask = 2147483647;
			files = (
				ED1D2A2329DFEDCD00E76C5F /* Quote.swift in Sources */,
				ED1D29F729DFE96C00E76C5F /* ViewController.swift in Sources */,
				ED1D29F329DFE96C00E76C5F /* AppDelegate.swift in Sources */,
				ED1D29F529DFE96C00E76C5F /* SceneDelegate.swift in Sources */,
			);
			runOnlyForDeploymentPostprocessing = 0;
		};
		ED1D2A0129DFE96D00E76C5F /* Sources */ = {
			isa = PBXSourcesBuildPhase;
			buildActionMask = 2147483647;
			files = (
				ED1D2A0A29DFE96D00E76C5F /* QuotesGeneratorTests.swift in Sources */,
			);
			runOnlyForDeploymentPostprocessing = 0;
		};
		ED1D2A0B29DFE96D00E76C5F /* Sources */ = {
			isa = PBXSourcesBuildPhase;
			buildActionMask = 2147483647;
			files = (
				ED1D2A1429DFE96D00E76C5F /* QuotesGeneratorUITests.swift in Sources */,
				ED1D2A1629DFE96D00E76C5F /* QuotesGeneratorUITestsLaunchTests.swift in Sources */,
			);
			runOnlyForDeploymentPostprocessing = 0;
		};
/* End PBXSourcesBuildPhase section */

/* Begin PBXTargetDependency section */
		ED1D2A0729DFE96D00E76C5F /* PBXTargetDependency */ = {
			isa = PBXTargetDependency;
			target = ED1D29EE29DFE96C00E76C5F /* QuotesGenerator */;
			targetProxy = ED1D2A0629DFE96D00E76C5F /* PBXContainerItemProxy */;
		};
		ED1D2A1129DFE96D00E76C5F /* PBXTargetDependency */ = {
			isa = PBXTargetDependency;
			target = ED1D29EE29DFE96C00E76C5F /* QuotesGenerator */;
			targetProxy = ED1D2A1029DFE96D00E76C5F /* PBXContainerItemProxy */;
		};
/* End PBXTargetDependency section */

/* Begin PBXVariantGroup section */
		ED1D29F829DFE96C00E76C5F /* Main.storyboard */ = {
			isa = PBXVariantGroup;
			children = (
				ED1D29F929DFE96C00E76C5F /* Base */,
			);
			name = Main.storyboard;
			sourceTree = "<group>";
		};
		ED1D29FD29DFE96D00E76C5F /* LaunchScreen.storyboard */ = {
			isa = PBXVariantGroup;
			children = (
				ED1D29FE29DFE96D00E76C5F /* Base */,
			);
			name = LaunchScreen.storyboard;
			sourceTree = "<group>";
		};
/* End PBXVariantGroup section */

/* Begin XCBuildConfiguration section */
		ED1D2A1729DFE96D00E76C5F /* Debug */ = {
			isa = XCBuildConfiguration;
			buildSettings = {
				ALWAYS_SEARCH_USER_PATHS = NO;
				CLANG_ANALYZER_NONNULL = YES;
				CLANG_ANALYZER_NUMBER_OBJECT_CONVERSION = YES_AGGRESSIVE;
				CLANG_CXX_LANGUAGE_STANDARD = "gnu++20";
				CLANG_ENABLE_MODULES = YES;
				CLANG_ENABLE_OBJC_ARC = YES;
				CLANG_ENABLE_OBJC_WEAK = YES;
				CLANG_WARN_BLOCK_CAPTURE_AUTORELEASING = YES;
				CLANG_WARN_BOOL_CONVERSION = YES;
				CLANG_WARN_COMMA = YES;
				CLANG_WARN_CONSTANT_CONVERSION = YES;
				CLANG_WARN_DEPRECATED_OBJC_IMPLEMENTATIONS = YES;
				CLANG_WARN_DIRECT_OBJC_ISA_USAGE = YES_ERROR;
				CLANG_WARN_DOCUMENTATION_COMMENTS = YES;
				CLANG_WARN_EMPTY_BODY = YES;
				CLANG_WARN_ENUM_CONVERSION = YES;
				CLANG_WARN_INFINITE_RECURSION = YES;
				CLANG_WARN_INT_CONVERSION = YES;
				CLANG_WARN_NON_LITERAL_NULL_CONVERSION = YES;
				CLANG_WARN_OBJC_IMPLICIT_RETAIN_SELF = YES;
				CLANG_WARN_OBJC_LITERAL_CONVERSION = YES;
				CLANG_WARN_OBJC_ROOT_CLASS = YES_ERROR;
				CLANG_WARN_QUOTED_INCLUDE_IN_FRAMEWORK_HEADER = YES;
				CLANG_WARN_RANGE_LOOP_ANALYSIS = YES;
				CLANG_WARN_STRICT_PROTOTYPES = YES;
				CLANG_WARN_SUSPICIOUS_MOVE = YES;
				CLANG_WARN_UNGUARDED_AVAILABILITY = YES_AGGRESSIVE;
				CLANG_WARN_UNREACHABLE_CODE = YES;
				CLANG_WARN__DUPLICATE_METHOD_MATCH = YES;
				COPY_PHASE_STRIP = NO;
				DEBUG_INFORMATION_FORMAT = dwarf;
				ENABLE_STRICT_OBJC_MSGSEND = YES;
				ENABLE_TESTABILITY = YES;
				GCC_C_LANGUAGE_STANDARD = gnu11;
				GCC_DYNAMIC_NO_PIC = NO;
				GCC_NO_COMMON_BLOCKS = YES;
				GCC_OPTIMIZATION_LEVEL = 0;
				GCC_PREPROCESSOR_DEFINITIONS = (
					"DEBUG=1",
					"$(inherited)",
				);
				GCC_WARN_64_TO_32_BIT_CONVERSION = YES;
				GCC_WARN_ABOUT_RETURN_TYPE = YES_ERROR;
				GCC_WARN_UNDECLARED_SELECTOR = YES;
				GCC_WARN_UNINITIALIZED_AUTOS = YES_AGGRESSIVE;
				GCC_WARN_UNUSED_FUNCTION = YES;
				GCC_WARN_UNUSED_VARIABLE = YES;
				IPHONEOS_DEPLOYMENT_TARGET = 16.4;
				MTL_ENABLE_DEBUG_INFO = INCLUDE_SOURCE;
				MTL_FAST_MATH = YES;
				ONLY_ACTIVE_ARCH = YES;
				SDKROOT = iphoneos;
				SWIFT_ACTIVE_COMPILATION_CONDITIONS = DEBUG;
				SWIFT_OPTIMIZATION_LEVEL = "-Onone";
			};
			name = Debug;
		};
		ED1D2A1829DFE96D00E76C5F /* Release */ = {
			isa = XCBuildConfiguration;
			buildSettings = {
				ALWAYS_SEARCH_USER_PATHS = NO;
				CLANG_ANALYZER_NONNULL = YES;
				CLANG_ANALYZER_NUMBER_OBJECT_CONVERSION = YES_AGGRESSIVE;
				CLANG_CXX_LANGUAGE_STANDARD = "gnu++20";
				CLANG_ENABLE_MODULES = YES;
				CLANG_ENABLE_OBJC_ARC = YES;
				CLANG_ENABLE_OBJC_WEAK = YES;
				CLANG_WARN_BLOCK_CAPTURE_AUTORELEASING = YES;
				CLANG_WARN_BOOL_CONVERSION = YES;
				CLANG_WARN_COMMA = YES;
				CLANG_WARN_CONSTANT_CONVERSION = YES;
				CLANG_WARN_DEPRECATED_OBJC_IMPLEMENTATIONS = YES;
				CLANG_WARN_DIRECT_OBJC_ISA_USAGE = YES_ERROR;
				CLANG_WARN_DOCUMENTATION_COMMENTS = YES;
				CLANG_WARN_EMPTY_BODY = YES;
				CLANG_WARN_ENUM_CONVERSION = YES;
				CLANG_WARN_INFINITE_RECURSION = YES;
				CLANG_WARN_INT_CONVERSION = YES;
				CLANG_WARN_NON_LITERAL_NULL_CONVERSION = YES;
				CLANG_WARN_OBJC_IMPLICIT_RETAIN_SELF = YES;
				CLANG_WARN_OBJC_LITERAL_CONVERSION = YES;
				CLANG_WARN_OBJC_ROOT_CLASS = YES_ERROR;
				CLANG_WARN_QUOTED_INCLUDE_IN_FRAMEWORK_HEADER = YES;
				CLANG_WARN_RANGE_LOOP_ANALYSIS = YES;
				CLANG_WARN_STRICT_PROTOTYPES = YES;
				CLANG_WARN_SUSPICIOUS_MOVE = YES;
				CLANG_WARN_UNGUARDED_AVAILABILITY = YES_AGGRESSIVE;
				CLANG_WARN_UNREACHABLE_CODE = YES;
				CLANG_WARN__DUPLICATE_METHOD_MATCH = YES;
				COPY_PHASE_STRIP = NO;
				DEBUG_INFORMATION_FORMAT = "dwarf-with-dsym";
				ENABLE_NS_ASSERTIONS = NO;
				ENABLE_STRICT_OBJC_MSGSEND = YES;
				GCC_C_LANGUAGE_STANDARD = gnu11;
				GCC_NO_COMMON_BLOCKS = YES;
				GCC_WARN_64_TO_32_BIT_CONVERSION = YES;
				GCC_WARN_ABOUT_RETURN_TYPE = YES_ERROR;
				GCC_WARN_UNDECLARED_SELECTOR = YES;
				GCC_WARN_UNINITIALIZED_AUTOS = YES_AGGRESSIVE;
				GCC_WARN_UNUSED_FUNCTION = YES;
				GCC_WARN_UNUSED_VARIABLE = YES;
				IPHONEOS_DEPLOYMENT_TARGET = 16.4;
				MTL_ENABLE_DEBUG_INFO = NO;
				MTL_FAST_MATH = YES;
				SDKROOT = iphoneos;
				SWIFT_COMPILATION_MODE = wholemodule;
				SWIFT_OPTIMIZATION_LEVEL = "-O";
				VALIDATE_PRODUCT = YES;
			};
			name = Release;
		};
		ED1D2A1A29DFE96D00E76C5F /* Debug */ = {
			isa = XCBuildConfiguration;
			buildSettings = {
				ASSETCATALOG_COMPILER_APPICON_NAME = AppIcon;
				ASSETCATALOG_COMPILER_GLOBAL_ACCENT_COLOR_NAME = AccentColor;
				CODE_SIGN_STYLE = Automatic;
				CURRENT_PROJECT_VERSION = 1;
				DEVELOPMENT_TEAM = VBRH65Z97Q;
				GENERATE_INFOPLIST_FILE = YES;
				INFOPLIST_FILE = QuotesGenerator/Info.plist;
				INFOPLIST_KEY_UIApplicationSupportsIndirectInputEvents = YES;
				INFOPLIST_KEY_UILaunchStoryboardName = LaunchScreen;
				INFOPLIST_KEY_UIMainStoryboardFile = Main;
				INFOPLIST_KEY_UISupportedInterfaceOrientations_iPad = "UIInterfaceOrientationPortrait UIInterfaceOrientationPortraitUpsideDown UIInterfaceOrientationLandscapeLeft UIInterfaceOrientationLandscapeRight";
				INFOPLIST_KEY_UISupportedInterfaceOrientations_iPhone = "UIInterfaceOrientationPortrait UIInterfaceOrientationLandscapeLeft UIInterfaceOrientationLandscapeRight";
				LD_RUNPATH_SEARCH_PATHS = (
					"$(inherited)",
					"@executable_path/Frameworks",
				);
				MARKETING_VERSION = 1.0;
				PRODUCT_BUNDLE_IDENTIFIER = "-.QuotesGenerator";
				PRODUCT_NAME = "$(TARGET_NAME)";
				SWIFT_EMIT_LOC_STRINGS = YES;
				SWIFT_VERSION = 5.0;
				TARGETED_DEVICE_FAMILY = "1,2";
			};
			name = Debug;
		};
		ED1D2A1B29DFE96D00E76C5F /* Release */ = {
			isa = XCBuildConfiguration;
			buildSettings = {
				ASSETCATALOG_COMPILER_APPICON_NAME = AppIcon;
				ASSETCATALOG_COMPILER_GLOBAL_ACCENT_COLOR_NAME = AccentColor;
				CODE_SIGN_STYLE = Automatic;
				CURRENT_PROJECT_VERSION = 1;
				DEVELOPMENT_TEAM = VBRH65Z97Q;
				GENERATE_INFOPLIST_FILE = YES;
				INFOPLIST_FILE = QuotesGenerator/Info.plist;
				INFOPLIST_KEY_UIApplicationSupportsIndirectInputEvents = YES;
				INFOPLIST_KEY_UILaunchStoryboardName = LaunchScreen;
				INFOPLIST_KEY_UIMainStoryboardFile = Main;
				INFOPLIST_KEY_UISupportedInterfaceOrientations_iPad = "UIInterfaceOrientationPortrait UIInterfaceOrientationPortraitUpsideDown UIInterfaceOrientationLandscapeLeft UIInterfaceOrientationLandscapeRight";
				INFOPLIST_KEY_UISupportedInterfaceOrientations_iPhone = "UIInterfaceOrientationPortrait UIInterfaceOrientationLandscapeLeft UIInterfaceOrientationLandscapeRight";
				LD_RUNPATH_SEARCH_PATHS = (
					"$(inherited)",
					"@executable_path/Frameworks",
				);
				MARKETING_VERSION = 1.0;
				PRODUCT_BUNDLE_IDENTIFIER = "-.QuotesGenerator";
				PRODUCT_NAME = "$(TARGET_NAME)";
				SWIFT_EMIT_LOC_STRINGS = YES;
				SWIFT_VERSION = 5.0;
				TARGETED_DEVICE_FAMILY = "1,2";
			};
			name = Release;
		};
		ED1D2A1D29DFE96D00E76C5F /* Debug */ = {
			isa = XCBuildConfiguration;
			buildSettings = {
				ALWAYS_EMBED_SWIFT_STANDARD_LIBRARIES = YES;
				BUNDLE_LOADER = "$(TEST_HOST)";
				CODE_SIGN_STYLE = Automatic;
				CURRENT_PROJECT_VERSION = 1;
				DEVELOPMENT_TEAM = VBRH65Z97Q;
				GENERATE_INFOPLIST_FILE = YES;
				IPHONEOS_DEPLOYMENT_TARGET = 16.4;
				MARKETING_VERSION = 1.0;
				PRODUCT_BUNDLE_IDENTIFIER = "-.QuotesGeneratorTests";
				PRODUCT_NAME = "$(TARGET_NAME)";
				SWIFT_EMIT_LOC_STRINGS = NO;
				SWIFT_VERSION = 5.0;
				TARGETED_DEVICE_FAMILY = "1,2";
				TEST_HOST = "$(BUILT_PRODUCTS_DIR)/QuotesGenerator.app/$(BUNDLE_EXECUTABLE_FOLDER_PATH)/QuotesGenerator";
			};
			name = Debug;
		};
		ED1D2A1E29DFE96D00E76C5F /* Release */ = {
			isa = XCBuildConfiguration;
			buildSettings = {
				ALWAYS_EMBED_SWIFT_STANDARD_LIBRARIES = YES;
				BUNDLE_LOADER = "$(TEST_HOST)";
				CODE_SIGN_STYLE = Automatic;
				CURRENT_PROJECT_VERSION = 1;
				DEVELOPMENT_TEAM = VBRH65Z97Q;
				GENERATE_INFOPLIST_FILE = YES;
				IPHONEOS_DEPLOYMENT_TARGET = 16.4;
				MARKETING_VERSION = 1.0;
				PRODUCT_BUNDLE_IDENTIFIER = "-.QuotesGeneratorTests";
				PRODUCT_NAME = "$(TARGET_NAME)";
				SWIFT_EMIT_LOC_STRINGS = NO;
				SWIFT_VERSION = 5.0;
				TARGETED_DEVICE_FAMILY = "1,2";
				TEST_HOST = "$(BUILT_PRODUCTS_DIR)/QuotesGenerator.app/$(BUNDLE_EXECUTABLE_FOLDER_PATH)/QuotesGenerator";
			};
			name = Release;
		};
		ED1D2A2029DFE96D00E76C5F /* Debug */ = {
			isa = XCBuildConfiguration;
			buildSettings = {
				ALWAYS_EMBED_SWIFT_STANDARD_LIBRARIES = YES;
				CODE_SIGN_STYLE = Automatic;
				CURRENT_PROJECT_VERSION = 1;
				DEVELOPMENT_TEAM = VBRH65Z97Q;
				GENERATE_INFOPLIST_FILE = YES;
				MARKETING_VERSION = 1.0;
				PRODUCT_BUNDLE_IDENTIFIER = "-.QuotesGeneratorUITests";
				PRODUCT_NAME = "$(TARGET_NAME)";
				SWIFT_EMIT_LOC_STRINGS = NO;
				SWIFT_VERSION = 5.0;
				TARGETED_DEVICE_FAMILY = "1,2";
				TEST_TARGET_NAME = QuotesGenerator;
			};
			name = Debug;
		};
		ED1D2A2129DFE96D00E76C5F /* Release */ = {
			isa = XCBuildConfiguration;
			buildSettings = {
				ALWAYS_EMBED_SWIFT_STANDARD_LIBRARIES = YES;
				CODE_SIGN_STYLE = Automatic;
				CURRENT_PROJECT_VERSION = 1;
				DEVELOPMENT_TEAM = VBRH65Z97Q;
				GENERATE_INFOPLIST_FILE = YES;
				MARKETING_VERSION = 1.0;
				PRODUCT_BUNDLE_IDENTIFIER = "-.QuotesGeneratorUITests";
				PRODUCT_NAME = "$(TARGET_NAME)";
				SWIFT_EMIT_LOC_STRINGS = NO;
				SWIFT_VERSION = 5.0;
				TARGETED_DEVICE_FAMILY = "1,2";
				TEST_TARGET_NAME = QuotesGenerator;
			};
			name = Release;
		};
/* End XCBuildConfiguration section */

/* Begin XCConfigurationList section */
		ED1D29EA29DFE96C00E76C5F /* Build configuration list for PBXProject "QuotesGenerator" */ = {
			isa = XCConfigurationList;
			buildConfigurations = (
				ED1D2A1729DFE96D00E76C5F /* Debug */,
				ED1D2A1829DFE96D00E76C5F /* Release */,
			);
			defaultConfigurationIsVisible = 0;
			defaultConfigurationName = Release;
		};
		ED1D2A1929DFE96D00E76C5F /* Build configuration list for PBXNativeTarget "QuotesGenerator" */ = {
			isa = XCConfigurationList;
			buildConfigurations = (
				ED1D2A1A29DFE96D00E76C5F /* Debug */,
				ED1D2A1B29DFE96D00E76C5F /* Release */,
			);
			defaultConfigurationIsVisible = 0;
			defaultConfigurationName = Release;
		};
		ED1D2A1C29DFE96D00E76C5F /* Build configuration list for PBXNativeTarget "QuotesGeneratorTests" */ = {
			isa = XCConfigurationList;
			buildConfigurations = (
				ED1D2A1D29DFE96D00E76C5F /* Debug */,
				ED1D2A1E29DFE96D00E76C5F /* Release */,
			);
			defaultConfigurationIsVisible = 0;
			defaultConfigurationName = Release;
		};
		ED1D2A1F29DFE96D00E76C5F /* Build configuration list for PBXNativeTarget "QuotesGeneratorUITests" */ = {
			isa = XCConfigurationList;
			buildConfigurations = (
				ED1D2A2029DFE96D00E76C5F /* Debug */,
				ED1D2A2129DFE96D00E76C5F /* Release */,
			);
			defaultConfigurationIsVisible = 0;
			defaultConfigurationName = Release;
		};
/* End XCConfigurationList section */
	};
	rootObject = ED1D29E729DFE96C00E76C5F /* Project object */;
}
